{
  "name": "action-npm-publish",
  "version": "1.1.0",
  "lockfileVersion": 1,
  "requires": true,
  "dependencies": {
    "tapzero": {
      "version": "0.6.1",
      "resolved": "https://registry.npmjs.org/tapzero/-/tapzero-0.6.1.tgz",
      "integrity": "sha512-7AaXewk3TogGyYF0tOqLveHB1wX34LdMBmX+K00D1Aj/xle2YI3zk3lWpyuiVE1/6UkSmEKvRMTw1Fc8bmbOBQ==",
      "dev": true
    }
  }
}
